<?xml version="1.0" encoding="utf-8"?>
<Project ToolsVersion="4.0" xmlns="http://schemas.microsoft.com/developer/msbuild/2003">
  <ItemGroup>
    <ClInclude Include="Main.h" />
    <ClInclude Include="stdafx.h" />
    <ClInclude Include="Brave.h" />
    <ClInclude Include="Boss.h" />
    <ClInclude Include="Unit.h" />
    <ClInclude Include="Utility2.h" />
    <ClInclude Include="Zealot.h" />
    <ClInclude Include="SystemManager.h" />
  </ItemGroup>
  <ItemGroup>
    <ClCompile Include="Main.cpp" />
    <ClCompile Include="Brave.cpp" />
    <ClCompile Include="Boss.cpp" />
    <ClCompile Include="Unit.cpp" />
    <ClCompile Include="Utility2.cpp" />
    <ClCompile Include="Zealot.cpp" />
    <ClCompile Include="SystemManager.cpp" />
  </ItemGroup>
</Project>